
Microsoft Visual Studio Solution File, Format Version 12.00
# Visual Studio 15
VisualStudioVersion = 15.0.28010.2041
MinimumVisualStudioVersion = 10.0.40219.1
Project("{FAE04EC0-301F-11D3-BF4B-00C04F79EFBC}") = "PartB", "PartB\PartB\PartB.csproj", "{F0B74D6F-CDE0-4BE7-BDA5-A2E74FEBE971}"
EndProject
Project("{FAE04EC0-301F-11D3-BF4B-00C04F79EFBC}") = "PartB.Test", "PartB\PartB.Test\PartB.Test.csproj", "{3870911E-9AAF-435E-85B3-203EB004DEC4}"
EndProject
Project("{FAE04EC0-301F-11D3-BF4B-00C04F79EFBC}") = "PartB.Vsix", "PartB\PartB.Vsix\PartB.Vsix.csproj", "{13071202-B577-49C3-B8C1-8AD942E30B63}"
EndProject
Global
	GlobalSection(SolutionConfigurationPlatforms) = preSolution
		Debug|Any CPU = Debug|Any CPU
		Release|Any CPU = Release|Any CPU
	EndGlobalSection
	GlobalSection(ProjectConfigurationPlatforms) = postSolution
		{F0B74D6F-CDE0-4BE7-BDA5-A2E74FEBE971}.Debug|Any CPU.ActiveCfg = Debug|Any CPU
		{F0B74D6F-CDE0-4BE7-BDA5-A2E74FEBE971}.Debug|Any CPU.Build.0 = Debug|Any CPU
		{F0B74D6F-CDE0-4BE7-BDA5-A2E74FEBE971}.Release|Any CPU.ActiveCfg = Release|Any CPU
		{F0B74D6F-CDE0-4BE7-BDA5-A2E74FEBE971}.Release|Any CPU.Build.0 = Release|Any CPU
		{3870911E-9AAF-435E-85B3-203EB004DEC4}.Debug|Any CPU.ActiveCfg = Debug|Any CPU
		{3870911E-9AAF-435E-85B3-203EB004DEC4}.Debug|Any CPU.Build.0 = Debug|Any CPU
		{3870911E-9AAF-435E-85B3-203EB004DEC4}.Release|Any CPU.ActiveCfg = Release|Any CPU
		{3870911E-9AAF-435E-85B3-203EB004DEC4}.Release|Any CPU.Build.0 = Release|Any CPU
		{13071202-B577-49C3-B8C1-8AD942E30B63}.Debug|Any CPU.ActiveCfg = Debug|Any CPU
		{13071202-B577-49C3-B8C1-8AD942E30B63}.Debug|Any CPU.Build.0 = Debug|Any CPU
		{13071202-B577-49C3-B8C1-8AD942E30B63}.Release|Any CPU.ActiveCfg = Release|Any CPU
		{13071202-B577-49C3-B8C1-8AD942E30B63}.Release|Any CPU.Build.0 = Release|Any CPU
	EndGlobalSection
	GlobalSection(SolutionProperties) = preSolution
		HideSolutionNode = FALSE
	EndGlobalSection
	GlobalSection(ExtensibilityGlobals) = postSolution
		SolutionGuid = {F0EB5BAF-663D-4629-813D-2AA54505051A}
	EndGlobalSection
EndGlobal
